
Microsoft Visual Studio Solution File, Format Version 12.00
# Visual Studio 14
VisualStudioVersion = 14.0.25420.1
MinimumVisualStudioVersion = 10.0.40219.1
Project("{FAE04EC0-301F-11D3-BF4B-00C04F79EFBC}") = "DecimalConverter", "DecimalConverter\DecimalConverter.csproj", "{1A8053E7-BC32-4DAF-AC7E-9E4DCB6AA2B2}"
EndProject
Project("{FAE04EC0-301F-11D3-BF4B-00C04F79EFBC}") = "DecimalConverter.Test", "DecimalConverter.Test\DecimalConverter.Test.csproj", "{90437697-D3FA-4DBA-BE53-D2D9BCC5552E}"
EndProject
Global
	GlobalSection(SolutionConfigurationPlatforms) = preSolution
		Debug|Any CPU = Debug|Any CPU
		Release|Any CPU = Release|Any CPU
	EndGlobalSection
	GlobalSection(ProjectConfigurationPlatforms) = postSolution
		{1A8053E7-BC32-4DAF-AC7E-9E4DCB6AA2B2}.Debug|Any CPU.ActiveCfg = Debug|Any CPU
		{1A8053E7-BC32-4DAF-AC7E-9E4DCB6AA2B2}.Debug|Any CPU.Build.0 = Debug|Any CPU
		{1A8053E7-BC32-4DAF-AC7E-9E4DCB6AA2B2}.Release|Any CPU.ActiveCfg = Release|Any CPU
		{1A8053E7-BC32-4DAF-AC7E-9E4DCB6AA2B2}.Release|Any CPU.Build.0 = Release|Any CPU
		{90437697-D3FA-4DBA-BE53-D2D9BCC5552E}.Debug|Any CPU.ActiveCfg = Debug|Any CPU
		{90437697-D3FA-4DBA-BE53-D2D9BCC5552E}.Debug|Any CPU.Build.0 = Debug|Any CPU
		{90437697-D3FA-4DBA-BE53-D2D9BCC5552E}.Release|Any CPU.ActiveCfg = Release|Any CPU
		{90437697-D3FA-4DBA-BE53-D2D9BCC5552E}.Release|Any CPU.Build.0 = Release|Any CPU
	EndGlobalSection
	GlobalSection(SolutionProperties) = preSolution
		HideSolutionNode = FALSE
	EndGlobalSection
EndGlobal
